
Microsoft Visual Studio Solution File, Format Version 12.00
# Visual Studio 14
VisualStudioVersion = 14.0.23107.0
MinimumVisualStudioVersion = 10.0.40219.1
Project("{FAE04EC0-301F-11D3-BF4B-00C04F79EFBC}") = "Twitter", "Twitter\Twitter.csproj", "{947059D1-6F4D-4B82-88AD-B700EFE761AB}"
EndProject
Project("{2150E333-8FDC-42A3-9474-1A3956D46DE8}") = "PublishScripts", "PublishScripts", "{9267F44B-43DB-4C0E-97D7-793AD1CE763F}"
	ProjectSection(SolutionItems) = preProject
		PublishScripts\AzureVMPublishModule.psm1 = PublishScripts\AzureVMPublishModule.psm1
		PublishScripts\Publish-WebApplicationVM.ps1 = PublishScripts\Publish-WebApplicationVM.ps1
	EndProjectSection
EndProject
Project("{2150E333-8FDC-42A3-9474-1A3956D46DE8}") = "Configurations", "Configurations", "{D61D7609-C4AD-4911-9BCB-C4054697B7CB}"
	ProjectSection(SolutionItems) = preProject
		PublishScripts\Configurations\Twitter-WAWS-dev.json = PublishScripts\Configurations\Twitter-WAWS-dev.json
	EndProjectSection
EndProject
Global
	GlobalSection(SolutionConfigurationPlatforms) = preSolution
		Debug|Any CPU = Debug|Any CPU
		Release|Any CPU = Release|Any CPU
	EndGlobalSection
	GlobalSection(ProjectConfigurationPlatforms) = postSolution
		{947059D1-6F4D-4B82-88AD-B700EFE761AB}.Debug|Any CPU.ActiveCfg = Debug|Any CPU
		{947059D1-6F4D-4B82-88AD-B700EFE761AB}.Debug|Any CPU.Build.0 = Debug|Any CPU
		{947059D1-6F4D-4B82-88AD-B700EFE761AB}.Release|Any CPU.ActiveCfg = Release|Any CPU
		{947059D1-6F4D-4B82-88AD-B700EFE761AB}.Release|Any CPU.Build.0 = Release|Any CPU
	EndGlobalSection
	GlobalSection(SolutionProperties) = preSolution
		HideSolutionNode = FALSE
	EndGlobalSection
	GlobalSection(NestedProjects) = preSolution
		{D61D7609-C4AD-4911-9BCB-C4054697B7CB} = {9267F44B-43DB-4C0E-97D7-793AD1CE763F}
	EndGlobalSection
EndGlobal
